# This file is automatically @generated by Cargo.
# It is not intended for manual editing.
version = 4

[[package]]
name = "lcd"
version = "0.1.0"
dependencies = [
 "rppal",
]

[[package]]
name = "libc"
version = "0.2.180"
source = "registry+https://github.com/rust-lang/crates.io-index"
checksum = "bcc35a38544a891a5f7c865aca548a982ccb3b8650a5b06d0fd33a10283c56fc"

[[package]]
name = "rppal"
version = "0.19.0"
source = "registry+https://github.com/rust-lang/crates.io-index"
checksum = "3b37e992f3222e304708025de77c9e395068a347449d0d7164f52d3beccdbd8d"
dependencies = [
 "libc",
]
